// !$*UTF8*$!
{
	archiveVersion = 1;
	classes = {
	};
	objectVersion = 56;
	objects = {

/* Begin PBXBuildFile section */
		CBAAC3662CC57781008319FE /* PlanetDetailsTableViewCell.swift in Sources */ = {isa = PBXBuildFile; fileRef = CBAAC3652CC57781008319FE /* PlanetDetailsTableViewCell.swift */; };
		CBB18BBE2CC24A9A00031D5C /* AppDelegate.swift in Sources */ = {isa = PBXBuildFile; fileRef = CBB18BBD2CC24A9A00031D5C /* AppDelegate.swift */; };
		CBB18BC02CC24A9A00031D5C /* SceneDelegate.swift in Sources */ = {isa = PBXBuildFile; fileRef = CBB18BBF2CC24A9A00031D5C /* SceneDelegate.swift */; };
		CBB18BC22CC24A9A00031D5C /* PlanetsVC.swift in Sources */ = {isa = PBXBuildFile; fileRef = CBB18BC12CC24A9A00031D5C /* PlanetsVC.swift */; };
		CBB18BC72CC24A9B00031D5C /* Assets.xcassets in Resources */ = {isa = PBXBuildFile; fileRef = CBB18BC62CC24A9B00031D5C /* Assets.xcassets */; };
		CBB18BCA2CC24A9B00031D5C /* Base in Resources */ = {isa = PBXBuildFile; fileRef = CBB18BC92CC24A9B00031D5C /* Base */; };
		CBB18BD22CC25D7800031D5C /* PlanetsDataCell.swift in Sources */ = {isa = PBXBuildFile; fileRef = CBB18BD12CC25D7800031D5C /* PlanetsDataCell.swift */; };
		CBB18BD42CC2676C00031D5C /* PlanetDetailsVC.swift in Sources */ = {isa = PBXBuildFile; fileRef = CBB18BD32CC2676C00031D5C /* PlanetDetailsVC.swift */; };
/* End PBXBuildFile section */

/* Begin PBXFileReference section */
		CBAAC3652CC57781008319FE /* PlanetDetailsTableViewCell.swift */ = {isa = PBXFileReference; lastKnownFileType = sourcecode.swift; path = PlanetDetailsTableViewCell.swift; sourceTree = "<group>"; };
		CBB18BBA2CC24A9A00031D5C /* Assignment-16.app */ = {isa = PBXFileReference; explicitFileType = wrapper.application; includeInIndex = 0; path = "Assignment-16.app"; sourceTree = BUILT_PRODUCTS_DIR; };
		CBB18BBD2CC24A9A00031D5C /* AppDelegate.swift */ = {isa = PBXFileReference; lastKnownFileType = sourcecode.swift; path = AppDelegate.swift; sourceTree = "<group>"; };
		CBB18BBF2CC24A9A00031D5C /* SceneDelegate.swift */ = {isa = PBXFileReference; lastKnownFileType = sourcecode.swift; path = SceneDelegate.swift; sourceTree = "<group>"; };
		CBB18BC12CC24A9A00031D5C /* PlanetsVC.swift */ = {isa = PBXFileReference; lastKnownFileType = sourcecode.swift; path = PlanetsVC.swift; sourceTree = "<group>"; };
		CBB18BC62CC24A9B00031D5C /* Assets.xcassets */ = {isa = PBXFileReference; lastKnownFileType = folder.assetcatalog; path = Assets.xcassets; sourceTree = "<group>"; };
		CBB18BC92CC24A9B00031D5C /* Base */ = {isa = PBXFileReference; lastKnownFileType = file.storyboard; name = Base; path = Base.lproj/LaunchScreen.storyboard; sourceTree = "<group>"; };
		CBB18BCB2CC24A9B00031D5C /* Info.plist */ = {isa = PBXFileReference; lastKnownFileType = text.plist.xml; path = Info.plist; sourceTree = "<group>"; };
		CBB18BD12CC25D7800031D5C /* PlanetsDataCell.swift */ = {isa = PBXFileReference; lastKnownFileType = sourcecode.swift; path = PlanetsDataCell.swift; sourceTree = "<group>"; };
		CBB18BD32CC2676C00031D5C /* PlanetDetailsVC.swift */ = {isa = PBXFileReference; lastKnownFileType = sourcecode.swift; path = PlanetDetailsVC.swift; sourceTree = "<group>"; };
/* End PBXFileReference section */

/* Begin PBXFrameworksBuildPhase section */
		CBB18BB72CC24A9A00031D5C /* Frameworks */ = {
			isa = PBXFrameworksBuildPhase;
			buildActionMask = 2147483647;
			files = (
			);
			runOnlyForDeploymentPostprocessing = 0;
		};
/* End PBXFrameworksBuildPhase section */

/* Begin PBXGroup section */
		CBB18BB12CC24A9A00031D5C = {
			isa = PBXGroup;
			children = (
				CBB18BBC2CC24A9A00031D5C /* Assignment-16 */,
				CBB18BBB2CC24A9A00031D5C /* Products */,
			);
			sourceTree = "<group>";
		};
		CBB18BBB2CC24A9A00031D5C /* Products */ = {
			isa = PBXGroup;
			children = (
				CBB18BBA2CC24A9A00031D5C /* Assignment-16.app */,
			);
			name = Products;
			sourceTree = "<group>";
		};
		CBB18BBC2CC24A9A00031D5C /* Assignment-16 */ = {
			isa = PBXGroup;
			children = (
				CBB18BBD2CC24A9A00031D5C /* AppDelegate.swift */,
				CBB18BBF2CC24A9A00031D5C /* SceneDelegate.swift */,
				CBB18BC12CC24A9A00031D5C /* PlanetsVC.swift */,
				CBB18BD12CC25D7800031D5C /* PlanetsDataCell.swift */,
				CBB18BD32CC2676C00031D5C /* PlanetDetailsVC.swift */,
				CBAAC3652CC57781008319FE /* PlanetDetailsTableViewCell.swift */,
				CBB18BC62CC24A9B00031D5C /* Assets.xcassets */,
				CBB18BC82CC24A9B00031D5C /* LaunchScreen.storyboard */,
				CBB18BCB2CC24A9B00031D5C /* Info.plist */,
			);
			path = "Assignment-16";
			sourceTree = "<group>";
		};
/* End PBXGroup section */

/* Begin PBXNativeTarget section */
		CBB18BB92CC24A9A00031D5C /* Assignment-16 */ = {
			isa = PBXNativeTarget;
			buildConfigurationList = CBB18BCE2CC24A9B00031D5C /* Build configuration list for PBXNativeTarget "Assignment-16" */;
			buildPhases = (
				CBB18BB62CC24A9A00031D5C /* Sources */,
				CBB18BB72CC24A9A00031D5C /* Frameworks */,
				CBB18BB82CC24A9A00031D5C /* Resources */,
			);
			buildRules = (
			);
			dependencies = (
			);
			name = "Assignment-16";
			productName = "Assignment-16";
			productReference = CBB18BBA2CC24A9A00031D5C /* Assignment-16.app */;
			productType = "com.apple.product-type.application";
		};
/* End PBXNativeTarget section */

/* Begin PBXProject section */
		CBB18BB22CC24A9A00031D5C /* Project object */ = {
			isa = PBXProject;
			attributes = {
				BuildIndependentTargetsInParallel = 1;
				LastSwiftUpdateCheck = 1540;
				LastUpgradeCheck = 1540;
				TargetAttributes = {
					CBB18BB92CC24A9A00031D5C = {
						CreatedOnToolsVersion = 15.4;
					};
				};
			};
			buildConfigurationList = CBB18BB52CC24A9A00031D5C /* Build configuration list for PBXProject "Assignment-16" */;
			compatibilityVersion = "Xcode 14.0";
			developmentRegion = en;
			hasScannedForEncodings = 0;
			knownRegions = (
				en,
				Base,
			);
			mainGroup = CBB18BB12CC24A9A00031D5C;
			productRefGroup = CBB18BBB2CC24A9A00031D5C /* Products */;
			projectDirPath = "";
			projectRoot = "";
			targets = (
				CBB18BB92CC24A9A00031D5C /* Assignment-16 */,
			);
		};
/* End PBXProject section */

/* Begin PBXResourcesBuildPhase section */
		CBB18BB82CC24A9A00031D5C /* Resources */ = {
			isa = PBXResourcesBuildPhase;
			buildActionMask = 2147483647;
			files = (
				CBB18BC72CC24A9B00031D5C /* Assets.xcassets in Resources */,
				CBB18BCA2CC24A9B00031D5C /* Base in Resources */,
			);
			runOnlyForDeploymentPostprocessing = 0;
		};
/* End PBXResourcesBuildPhase section */

/* Begin PBXSourcesBuildPhase section */
		CBB18BB62CC24A9A00031D5C /* Sources */ = {
			isa = PBXSourcesBuildPhase;
			buildActionMask = 2147483647;
			files = (
				CBB18BC22CC24A9A00031D5C /* PlanetsVC.swift in Sources */,
				CBB18BD42CC2676C00031D5C /* PlanetDetailsVC.swift in Sources */,
				CBAAC3662CC57781008319FE /* PlanetDetailsTableViewCell.swift in Sources */,
				CBB18BD22CC25D7800031D5C /* PlanetsDataCell.swift in Sources */,
				CBB18BBE2CC24A9A00031D5C /* AppDelegate.swift in Sources */,
				CBB18BC02CC24A9A00031D5C /* SceneDelegate.swift in Sources */,
			);
			runOnlyForDeploymentPostprocessing = 0;
		};
/* End PBXSourcesBuildPhase section */

/* Begin PBXVariantGroup section */
		CBB18BC82CC24A9B00031D5C /* LaunchScreen.storyboard */ = {
			isa = PBXVariantGroup;
			children = (
				CBB18BC92CC24A9B00031D5C /* Base */,
			);
			name = LaunchScreen.storyboard;
			sourceTree = "<group>";
		};
/* End PBXVariantGroup section */

/* Begin XCBuildConfiguration section */
		CBB18BCC2CC24A9B00031D5C /* Debug */ = {
			isa = XCBuildConfiguration;
			buildSettings = {
				ALWAYS_SEARCH_USER_PATHS = NO;
				ASSETCATALOG_COMPILER_GENERATE_SWIFT_ASSET_SYMBOL_EXTENSIONS = YES;
				CLANG_ANALYZER_NONNULL = YES;
				CLANG_ANALYZER_NUMBER_OBJECT_CONVERSION = YES_AGGRESSIVE;
				CLANG_CXX_LANGUAGE_STANDARD = "gnu++20";
				CLANG_ENABLE_MODULES = YES;
				CLANG_ENABLE_OBJC_ARC = YES;
				CLANG_ENABLE_OBJC_WEAK = YES;
				CLANG_WARN_BLOCK_CAPTURE_AUTORELEASING = YES;
				CLANG_WARN_BOOL_CONVERSION = YES;
				CLANG_WARN_COMMA = YES;
				CLANG_WARN_CONSTANT_CONVERSION = YES;
				CLANG_WARN_DEPRECATED_OBJC_IMPLEMENTATIONS = YES;
				CLANG_WARN_DIRECT_OBJC_ISA_USAGE = YES_ERROR;
				CLANG_WARN_DOCUMENTATION_COMMENTS = YES;
				CLANG_WARN_EMPTY_BODY = YES;
				CLANG_WARN_ENUM_CONVERSION = YES;
				CLANG_WARN_INFINITE_RECURSION = YES;
				CLANG_WARN_INT_CONVERSION = YES;
				CLANG_WARN_NON_LITERAL_NULL_CONVERSION = YES;
				CLANG_WARN_OBJC_IMPLICIT_RETAIN_SELF = YES;
				CLANG_WARN_OBJC_LITERAL_CONVERSION = YES;
				CLANG_WARN_OBJC_ROOT_CLASS = YES_ERROR;
				CLANG_WARN_QUOTED_INCLUDE_IN_FRAMEWORK_HEADER = YES;
				CLANG_WARN_RANGE_LOOP_ANALYSIS = YES;
				CLANG_WARN_STRICT_PROTOTYPES = YES;
				CLANG_WARN_SUSPICIOUS_MOVE = YES;
				CLANG_WARN_UNGUARDED_AVAILABILITY = YES_AGGRESSIVE;
				CLANG_WARN_UNREACHABLE_CODE = YES;
				CLANG_WARN__DUPLICATE_METHOD_MATCH = YES;
				COPY_PHASE_STRIP = NO;
				DEBUG_INFORMATION_FORMAT = dwarf;
				ENABLE_STRICT_OBJC_MSGSEND = YES;
				ENABLE_TESTABILITY = YES;
				ENABLE_USER_SCRIPT_SANDBOXING = YES;
				GCC_C_LANGUAGE_STANDARD = gnu17;
				GCC_DYNAMIC_NO_PIC = NO;
				GCC_NO_COMMON_BLOCKS = YES;
				GCC_OPTIMIZATION_LEVEL = 0;
				GCC_PREPROCESSOR_DEFINITIONS = (
					"DEBUG=1",
					"$(inherited)",
				);
				GCC_WARN_64_TO_32_BIT_CONVERSION = YES;
				GCC_WARN_ABOUT_RETURN_TYPE = YES_ERROR;
				GCC_WARN_UNDECLARED_SELECTOR = YES;
				GCC_WARN_UNINITIALIZED_AUTOS = YES_AGGRESSIVE;
				GCC_WARN_UNUSED_FUNCTION = YES;
				GCC_WARN_UNUSED_VARIABLE = YES;
				IPHONEOS_DEPLOYMENT_TARGET = 17.5;
				LOCALIZATION_PREFERS_STRING_CATALOGS = YES;
				MTL_ENABLE_DEBUG_INFO = INCLUDE_SOURCE;
				MTL_FAST_MATH = YES;
				ONLY_ACTIVE_ARCH = YES;
				SDKROOT = iphoneos;
				SWIFT_ACTIVE_COMPILATION_CONDITIONS = "DEBUG $(inherited)";
				SWIFT_OPTIMIZATION_LEVEL = "-Onone";
			};
			name = Debug;
		};
		CBB18BCD2CC24A9B00031D5C /* Release */ = {
			isa = XCBuildConfiguration;
			buildSettings = {
				ALWAYS_SEARCH_USER_PATHS = NO;
				ASSETCATALOG_COMPILER_GENERATE_SWIFT_ASSET_SYMBOL_EXTENSIONS = YES;
				CLANG_ANALYZER_NONNULL = YES;
				CLANG_ANALYZER_NUMBER_OBJECT_CONVERSION = YES_AGGRESSIVE;
				CLANG_CXX_LANGUAGE_STANDARD = "gnu++20";
				CLANG_ENABLE_MODULES = YES;
				CLANG_ENABLE_OBJC_ARC = YES;
				CLANG_ENABLE_OBJC_WEAK = YES;
				CLANG_WARN_BLOCK_CAPTURE_AUTORELEASING = YES;
				CLANG_WARN_BOOL_CONVERSION = YES;
				CLANG_WARN_COMMA = YES;
				CLANG_WARN_CONSTANT_CONVERSION = YES;
				CLANG_WARN_DEPRECATED_OBJC_IMPLEMENTATIONS = YES;
				CLANG_WARN_DIRECT_OBJC_ISA_USAGE = YES_ERROR;
				CLANG_WARN_DOCUMENTATION_COMMENTS = YES;
				CLANG_WARN_EMPTY_BODY = YES;
				CLANG_WARN_ENUM_CONVERSION = YES;
				CLANG_WARN_INFINITE_RECURSION = YES;
				CLANG_WARN_INT_CONVERSION = YES;
				CLANG_WARN_NON_LITERAL_NULL_CONVERSION = YES;
				CLANG_WARN_OBJC_IMPLICIT_RETAIN_SELF = YES;
				CLANG_WARN_OBJC_LITERAL_CONVERSION = YES;
				CLANG_WARN_OBJC_ROOT_CLASS = YES_ERROR;
				CLANG_WARN_QUOTED_INCLUDE_IN_FRAMEWORK_HEADER = YES;
				CLANG_WARN_RANGE_LOOP_ANALYSIS = YES;
				CLANG_WARN_STRICT_PROTOTYPES = YES;
				CLANG_WARN_SUSPICIOUS_MOVE = YES;
				CLANG_WARN_UNGUARDED_AVAILABILITY = YES_AGGRESSIVE;
				CLANG_WARN_UNREACHABLE_CODE = YES;
				CLANG_WARN__DUPLICATE_METHOD_MATCH = YES;
				COPY_PHASE_STRIP = NO;
				DEBUG_INFORMATION_FORMAT = "dwarf-with-dsym";
				ENABLE_NS_ASSERTIONS = NO;
				ENABLE_STRICT_OBJC_MSGSEND = YES;
				ENABLE_USER_SCRIPT_SANDBOXING = YES;
				GCC_C_LANGUAGE_STANDARD = gnu17;
				GCC_NO_COMMON_BLOCKS = YES;
				GCC_WARN_64_TO_32_BIT_CONVERSION = YES;
				GCC_WARN_ABOUT_RETURN_TYPE = YES_ERROR;
				GCC_WARN_UNDECLARED_SELECTOR = YES;
				GCC_WARN_UNINITIALIZED_AUTOS = YES_AGGRESSIVE;
				GCC_WARN_UNUSED_FUNCTION = YES;
				GCC_WARN_UNUSED_VARIABLE = YES;
				IPHONEOS_DEPLOYMENT_TARGET = 17.5;
				LOCALIZATION_PREFERS_STRING_CATALOGS = YES;
				MTL_ENABLE_DEBUG_INFO = NO;
				MTL_FAST_MATH = YES;
				SDKROOT = iphoneos;
				SWIFT_COMPILATION_MODE = wholemodule;
				VALIDATE_PRODUCT = YES;
			};
			name = Release;
		};
		CBB18BCF2CC24A9B00031D5C /* Debug */ = {
			isa = XCBuildConfiguration;
			buildSettings = {
				ASSETCATALOG_COMPILER_APPICON_NAME = AppIcon;
				ASSETCATALOG_COMPILER_GLOBAL_ACCENT_COLOR_NAME = AccentColor;
				CODE_SIGN_STYLE = Automatic;
				CURRENT_PROJECT_VERSION = 1;
				DEVELOPMENT_TEAM = CS532A644D;
				GENERATE_INFOPLIST_FILE = YES;
				INFOPLIST_FILE = "Assignment-16/Info.plist";
				INFOPLIST_KEY_UIApplicationSupportsIndirectInputEvents = YES;
				INFOPLIST_KEY_UILaunchStoryboardName = LaunchScreen;
				INFOPLIST_KEY_UISupportedInterfaceOrientations_iPad = "UIInterfaceOrientationPortrait UIInterfaceOrientationPortraitUpsideDown UIInterfaceOrientationLandscapeLeft UIInterfaceOrientationLandscapeRight";
				INFOPLIST_KEY_UISupportedInterfaceOrientations_iPhone = "UIInterfaceOrientationPortrait UIInterfaceOrientationLandscapeLeft UIInterfaceOrientationLandscapeRight";
				LD_RUNPATH_SEARCH_PATHS = (
					"$(inherited)",
					"@executable_path/Frameworks",
				);
				MARKETING_VERSION = 1.0;
				PRODUCT_BUNDLE_IDENTIFIER = "irakli.Assignment-16";
				PRODUCT_NAME = "$(TARGET_NAME)";
				SWIFT_EMIT_LOC_STRINGS = YES;
				SWIFT_VERSION = 5.0;
				TARGETED_DEVICE_FAMILY = "1,2";
			};
			name = Debug;
		};
		CBB18BD02CC24A9B00031D5C /* Release */ = {
			isa = XCBuildConfiguration;
			buildSettings = {
				ASSETCATALOG_COMPILER_APPICON_NAME = AppIcon;
				ASSETCATALOG_COMPILER_GLOBAL_ACCENT_COLOR_NAME = AccentColor;
				CODE_SIGN_STYLE = Automatic;
				CURRENT_PROJECT_VERSION = 1;
				DEVELOPMENT_TEAM = CS532A644D;
				GENERATE_INFOPLIST_FILE = YES;
				INFOPLIST_FILE = "Assignment-16/Info.plist";
				INFOPLIST_KEY_UIApplicationSupportsIndirectInputEvents = YES;
				INFOPLIST_KEY_UILaunchStoryboardName = LaunchScreen;
				INFOPLIST_KEY_UISupportedInterfaceOrientations_iPad = "UIInterfaceOrientationPortrait UIInterfaceOrientationPortraitUpsideDown UIInterfaceOrientationLandscapeLeft UIInterfaceOrientationLandscapeRight";
				INFOPLIST_KEY_UISupportedInterfaceOrientations_iPhone = "UIInterfaceOrientationPortrait UIInterfaceOrientationLandscapeLeft UIInterfaceOrientationLandscapeRight";
				LD_RUNPATH_SEARCH_PATHS = (
					"$(inherited)",
					"@executable_path/Frameworks",
				);
				MARKETING_VERSION = 1.0;
				PRODUCT_BUNDLE_IDENTIFIER = "irakli.Assignment-16";
				PRODUCT_NAME = "$(TARGET_NAME)";
				SWIFT_EMIT_LOC_STRINGS = YES;
				SWIFT_VERSION = 5.0;
				TARGETED_DEVICE_FAMILY = "1,2";
			};
			name = Release;
		};
/* End XCBuildConfiguration section */

/* Begin XCConfigurationList section */
		CBB18BB52CC24A9A00031D5C /* Build configuration list for PBXProject "Assignment-16" */ = {
			isa = XCConfigurationList;
			buildConfigurations = (
				CBB18BCC2CC24A9B00031D5C /* Debug */,
				CBB18BCD2CC24A9B00031D5C /* Release */,
			);
			defaultConfigurationIsVisible = 0;
			defaultConfigurationName = Release;
		};
		CBB18BCE2CC24A9B00031D5C /* Build configuration list for PBXNativeTarget "Assignment-16" */ = {
			isa = XCConfigurationList;
			buildConfigurations = (
				CBB18BCF2CC24A9B00031D5C /* Debug */,
				CBB18BD02CC24A9B00031D5C /* Release */,
			);
			defaultConfigurationIsVisible = 0;
			defaultConfigurationName = Release;
		};
/* End XCConfigurationList section */
	};
	rootObject = CBB18BB22CC24A9A00031D5C /* Project object */;
}
